
Microsoft Visual Studio Solution File, Format Version 12.00
# Visual Studio 14
VisualStudioVersion = 14.0.25420.1
MinimumVisualStudioVersion = 10.0.40219.1
Project("{FAE04EC0-301F-11D3-BF4B-00C04F79EFBC}") = "PlaceSharer.Web", "PlaceSharer\PlaceSharer.Web.csproj", "{7B0E0875-46E8-4060-BC4F-35D2E79C1144}"
EndProject
Project("{FAE04EC0-301F-11D3-BF4B-00C04F79EFBC}") = "PlaceSharer.DAL", "PlaceSharer.DAL\PlaceSharer.DAL.csproj", "{3BB5DE83-48E1-45AF-A976-C680974284BA}"
EndProject
Project("{FAE04EC0-301F-11D3-BF4B-00C04F79EFBC}") = "PlaceSharer.BLL", "PlaceSharer.BLL\PlaceSharer.BLL.csproj", "{F4136174-EECD-430B-8116-DB6693D3E357}"
EndProject
Global
	GlobalSection(SolutionConfigurationPlatforms) = preSolution
		Debug|Any CPU = Debug|Any CPU
		Release|Any CPU = Release|Any CPU
	EndGlobalSection
	GlobalSection(ProjectConfigurationPlatforms) = postSolution
		{7B0E0875-46E8-4060-BC4F-35D2E79C1144}.Debug|Any CPU.ActiveCfg = Debug|Any CPU
		{7B0E0875-46E8-4060-BC4F-35D2E79C1144}.Debug|Any CPU.Build.0 = Debug|Any CPU
		{7B0E0875-46E8-4060-BC4F-35D2E79C1144}.Release|Any CPU.ActiveCfg = Release|Any CPU
		{7B0E0875-46E8-4060-BC4F-35D2E79C1144}.Release|Any CPU.Build.0 = Release|Any CPU
		{3BB5DE83-48E1-45AF-A976-C680974284BA}.Debug|Any CPU.ActiveCfg = Debug|Any CPU
		{3BB5DE83-48E1-45AF-A976-C680974284BA}.Debug|Any CPU.Build.0 = Debug|Any CPU
		{3BB5DE83-48E1-45AF-A976-C680974284BA}.Release|Any CPU.ActiveCfg = Release|Any CPU
		{3BB5DE83-48E1-45AF-A976-C680974284BA}.Release|Any CPU.Build.0 = Release|Any CPU
		{F4136174-EECD-430B-8116-DB6693D3E357}.Debug|Any CPU.ActiveCfg = Debug|Any CPU
		{F4136174-EECD-430B-8116-DB6693D3E357}.Debug|Any CPU.Build.0 = Debug|Any CPU
		{F4136174-EECD-430B-8116-DB6693D3E357}.Release|Any CPU.ActiveCfg = Release|Any CPU
		{F4136174-EECD-430B-8116-DB6693D3E357}.Release|Any CPU.Build.0 = Release|Any CPU
	EndGlobalSection
	GlobalSection(SolutionProperties) = preSolution
		HideSolutionNode = FALSE
	EndGlobalSection
EndGlobal
